// !$*UTF8*$!
{
	archiveVersion = 1;
	classes = {
	};
	objectVersion = 50;
	objects = {

/* Begin PBXBuildFile section */
		3855BA9A25387420003F63FE /* AppDelegate.swift in Sources */ = {isa = PBXBuildFile; fileRef = 3855BA9925387420003F63FE /* AppDelegate.swift */; };
		3855BA9C25387420003F63FE /* SceneDelegate.swift in Sources */ = {isa = PBXBuildFile; fileRef = 3855BA9B25387420003F63FE /* SceneDelegate.swift */; };
		3855BA9E25387420003F63FE /* ViewController.swift in Sources */ = {isa = PBXBuildFile; fileRef = 3855BA9D25387420003F63FE /* ViewController.swift */; };
		3855BAA125387420003F63FE /* Main.storyboard in Resources */ = {isa = PBXBuildFile; fileRef = 3855BA9F25387420003F63FE /* Main.storyboard */; };
		3855BAA325387421003F63FE /* Assets.xcassets in Resources */ = {isa = PBXBuildFile; fileRef = 3855BAA225387421003F63FE /* Assets.xcassets */; };
		3855BAA625387421003F63FE /* LaunchScreen.storyboard in Resources */ = {isa = PBXBuildFile; fileRef = 3855BAA425387421003F63FE /* LaunchScreen.storyboard */; };
		3855BAB025387461003F63FE /* ListViewController.swift in Sources */ = {isa = PBXBuildFile; fileRef = 3855BAAF25387461003F63FE /* ListViewController.swift */; };
		3855BAB3253874C3003F63FE /* MovieVO.swift in Sources */ = {isa = PBXBuildFile; fileRef = 3855BAB2253874C3003F63FE /* MovieVO.swift */; };
/* End PBXBuildFile section */

/* Begin PBXFileReference section */
		3855BA9625387420003F63FE /* TableView-Basic.app */ = {isa = PBXFileReference; explicitFileType = wrapper.application; includeInIndex = 0; path = "TableView-Basic.app"; sourceTree = BUILT_PRODUCTS_DIR; };
		3855BA9925387420003F63FE /* AppDelegate.swift */ = {isa = PBXFileReference; lastKnownFileType = sourcecode.swift; path = AppDelegate.swift; sourceTree = "<group>"; };
		3855BA9B25387420003F63FE /* SceneDelegate.swift */ = {isa = PBXFileReference; lastKnownFileType = sourcecode.swift; path = SceneDelegate.swift; sourceTree = "<group>"; };
		3855BA9D25387420003F63FE /* ViewController.swift */ = {isa = PBXFileReference; lastKnownFileType = sourcecode.swift; path = ViewController.swift; sourceTree = "<group>"; };
		3855BAA025387420003F63FE /* Base */ = {isa = PBXFileReference; lastKnownFileType = file.storyboard; name = Base; path = Base.lproj/Main.storyboard; sourceTree = "<group>"; };
		3855BAA225387421003F63FE /* Assets.xcassets */ = {isa = PBXFileReference; lastKnownFileType = folder.assetcatalog; path = Assets.xcassets; sourceTree = "<group>"; };
		3855BAA525387421003F63FE /* Base */ = {isa = PBXFileReference; lastKnownFileType = file.storyboard; name = Base; path = Base.lproj/LaunchScreen.storyboard; sourceTree = "<group>"; };
		3855BAA725387421003F63FE /* Info.plist */ = {isa = PBXFileReference; lastKnownFileType = text.plist.xml; path = Info.plist; sourceTree = "<group>"; };
		3855BAAF25387461003F63FE /* ListViewController.swift */ = {isa = PBXFileReference; lastKnownFileType = sourcecode.swift; path = ListViewController.swift; sourceTree = "<group>"; };
		3855BAB2253874C3003F63FE /* MovieVO.swift */ = {isa = PBXFileReference; lastKnownFileType = sourcecode.swift; path = MovieVO.swift; sourceTree = "<group>"; };
/* End PBXFileReference section */

/* Begin PBXFrameworksBuildPhase section */
		3855BA9325387420003F63FE /* Frameworks */ = {
			isa = PBXFrameworksBuildPhase;
			buildActionMask = 2147483647;
			files = (
			);
			runOnlyForDeploymentPostprocessing = 0;
		};
/* End PBXFrameworksBuildPhase section */

/* Begin PBXGroup section */
		3855BA8D25387420003F63FE = {
			isa = PBXGroup;
			children = (
				3855BA9825387420003F63FE /* TableView-Basic */,
				3855BA9725387420003F63FE /* Products */,
			);
			sourceTree = "<group>";
		};
		3855BA9725387420003F63FE /* Products */ = {
			isa = PBXGroup;
			children = (
				3855BA9625387420003F63FE /* TableView-Basic.app */,
			);
			name = Products;
			sourceTree = "<group>";
		};
		3855BA9825387420003F63FE /* TableView-Basic */ = {
			isa = PBXGroup;
			children = (
				3855BA9925387420003F63FE /* AppDelegate.swift */,
				3855BA9B25387420003F63FE /* SceneDelegate.swift */,
				3855BA9D25387420003F63FE /* ViewController.swift */,
				3855BA9F25387420003F63FE /* Main.storyboard */,
				3855BAB2253874C3003F63FE /* MovieVO.swift */,
				3855BAAF25387461003F63FE /* ListViewController.swift */,
				3855BAA225387421003F63FE /* Assets.xcassets */,
				3855BAA425387421003F63FE /* LaunchScreen.storyboard */,
				3855BAA725387421003F63FE /* Info.plist */,
			);
			path = "TableView-Basic";
			sourceTree = "<group>";
		};
/* End PBXGroup section */

/* Begin PBXNativeTarget section */
		3855BA9525387420003F63FE /* TableView-Basic */ = {
			isa = PBXNativeTarget;
			buildConfigurationList = 3855BAAA25387421003F63FE /* Build configuration list for PBXNativeTarget "TableView-Basic" */;
			buildPhases = (
				3855BA9225387420003F63FE /* Sources */,
				3855BA9325387420003F63FE /* Frameworks */,
				3855BA9425387420003F63FE /* Resources */,
			);
			buildRules = (
			);
			dependencies = (
			);
			name = "TableView-Basic";
			productName = "TableView-Basic";
			productReference = 3855BA9625387420003F63FE /* TableView-Basic.app */;
			productType = "com.apple.product-type.application";
		};
/* End PBXNativeTarget section */

/* Begin PBXProject section */
		3855BA8E25387420003F63FE /* Project object */ = {
			isa = PBXProject;
			attributes = {
				LastSwiftUpdateCheck = 1200;
				LastUpgradeCheck = 1200;
				TargetAttributes = {
					3855BA9525387420003F63FE = {
						CreatedOnToolsVersion = 12.0.1;
					};
				};
			};
			buildConfigurationList = 3855BA9125387420003F63FE /* Build configuration list for PBXProject "TableView-Basic" */;
			compatibilityVersion = "Xcode 9.3";
			developmentRegion = en;
			hasScannedForEncodings = 0;
			knownRegions = (
				en,
				Base,
			);
			mainGroup = 3855BA8D25387420003F63FE;
			productRefGroup = 3855BA9725387420003F63FE /* Products */;
			projectDirPath = "";
			projectRoot = "";
			targets = (
				3855BA9525387420003F63FE /* TableView-Basic */,
			);
		};
/* End PBXProject section */

/* Begin PBXResourcesBuildPhase section */
		3855BA9425387420003F63FE /* Resources */ = {
			isa = PBXResourcesBuildPhase;
			buildActionMask = 2147483647;
			files = (
				3855BAA625387421003F63FE /* LaunchScreen.storyboard in Resources */,
				3855BAA325387421003F63FE /* Assets.xcassets in Resources */,
				3855BAA125387420003F63FE /* Main.storyboard in Resources */,
			);
			runOnlyForDeploymentPostprocessing = 0;
		};
/* End PBXResourcesBuildPhase section */

/* Begin PBXSourcesBuildPhase section */
		3855BA9225387420003F63FE /* Sources */ = {
			isa = PBXSourcesBuildPhase;
			buildActionMask = 2147483647;
			files = (
				3855BA9E25387420003F63FE /* ViewController.swift in Sources */,
				3855BA9A25387420003F63FE /* AppDelegate.swift in Sources */,
				3855BAB025387461003F63FE /* ListViewController.swift in Sources */,
				3855BA9C25387420003F63FE /* SceneDelegate.swift in Sources */,
				3855BAB3253874C3003F63FE /* MovieVO.swift in Sources */,
			);
			runOnlyForDeploymentPostprocessing = 0;
		};
/* End PBXSourcesBuildPhase section */

/* Begin PBXVariantGroup section */
		3855BA9F25387420003F63FE /* Main.storyboard */ = {
			isa = PBXVariantGroup;
			children = (
				3855BAA025387420003F63FE /* Base */,
			);
			name = Main.storyboard;
			sourceTree = "<group>";
		};
		3855BAA425387421003F63FE /* LaunchScreen.storyboard */ = {
			isa = PBXVariantGroup;
			children = (
				3855BAA525387421003F63FE /* Base */,
			);
			name = LaunchScreen.storyboard;
			sourceTree = "<group>";
		};
/* End PBXVariantGroup section */

/* Begin XCBuildConfiguration section */
		3855BAA825387421003F63FE /* Debug */ = {
			isa = XCBuildConfiguration;
			buildSettings = {
				ALWAYS_SEARCH_USER_PATHS = NO;
				CLANG_ANALYZER_NONNULL = YES;
				CLANG_ANALYZER_NUMBER_OBJECT_CONVERSION = YES_AGGRESSIVE;
				CLANG_CXX_LANGUAGE_STANDARD = "gnu++14";
				CLANG_CXX_LIBRARY = "libc++";
				CLANG_ENABLE_MODULES = YES;
				CLANG_ENABLE_OBJC_ARC = YES;
				CLANG_ENABLE_OBJC_WEAK = YES;
				CLANG_WARN_BLOCK_CAPTURE_AUTORELEASING = YES;
				CLANG_WARN_BOOL_CONVERSION = YES;
				CLANG_WARN_COMMA = YES;
				CLANG_WARN_CONSTANT_CONVERSION = YES;
				CLANG_WARN_DEPRECATED_OBJC_IMPLEMENTATIONS = YES;
				CLANG_WARN_DIRECT_OBJC_ISA_USAGE = YES_ERROR;
				CLANG_WARN_DOCUMENTATION_COMMENTS = YES;
				CLANG_WARN_EMPTY_BODY = YES;
				CLANG_WARN_ENUM_CONVERSION = YES;
				CLANG_WARN_INFINITE_RECURSION = YES;
				CLANG_WARN_INT_CONVERSION = YES;
				CLANG_WARN_NON_LITERAL_NULL_CONVERSION = YES;
				CLANG_WARN_OBJC_IMPLICIT_RETAIN_SELF = YES;
				CLANG_WARN_OBJC_LITERAL_CONVERSION = YES;
				CLANG_WARN_OBJC_ROOT_CLASS = YES_ERROR;
				CLANG_WARN_QUOTED_INCLUDE_IN_FRAMEWORK_HEADER = YES;
				CLANG_WARN_RANGE_LOOP_ANALYSIS = YES;
				CLANG_WARN_STRICT_PROTOTYPES = YES;
				CLANG_WARN_SUSPICIOUS_MOVE = YES;
				CLANG_WARN_UNGUARDED_AVAILABILITY = YES_AGGRESSIVE;
				CLANG_WARN_UNREACHABLE_CODE = YES;
				CLANG_WARN__DUPLICATE_METHOD_MATCH = YES;
				COPY_PHASE_STRIP = NO;
				DEBUG_INFORMATION_FORMAT = dwarf;
				ENABLE_STRICT_OBJC_MSGSEND = YES;
				ENABLE_TESTABILITY = YES;
				GCC_C_LANGUAGE_STANDARD = gnu11;
				GCC_DYNAMIC_NO_PIC = NO;
				GCC_NO_COMMON_BLOCKS = YES;
				GCC_OPTIMIZATION_LEVEL = 0;
				GCC_PREPROCESSOR_DEFINITIONS = (
					"DEBUG=1",
					"$(inherited)",
				);
				GCC_WARN_64_TO_32_BIT_CONVERSION = YES;
				GCC_WARN_ABOUT_RETURN_TYPE = YES_ERROR;
				GCC_WARN_UNDECLARED_SELECTOR = YES;
				GCC_WARN_UNINITIALIZED_AUTOS = YES_AGGRESSIVE;
				GCC_WARN_UNUSED_FUNCTION = YES;
				GCC_WARN_UNUSED_VARIABLE = YES;
				IPHONEOS_DEPLOYMENT_TARGET = 14.0;
				MTL_ENABLE_DEBUG_INFO = INCLUDE_SOURCE;
				MTL_FAST_MATH = YES;
				ONLY_ACTIVE_ARCH = YES;
				SDKROOT = iphoneos;
				SWIFT_ACTIVE_COMPILATION_CONDITIONS = DEBUG;
				SWIFT_OPTIMIZATION_LEVEL = "-Onone";
			};
			name = Debug;
		};
		3855BAA925387421003F63FE /* Release */ = {
			isa = XCBuildConfiguration;
			buildSettings = {
				ALWAYS_SEARCH_USER_PATHS = NO;
				CLANG_ANALYZER_NONNULL = YES;
				CLANG_ANALYZER_NUMBER_OBJECT_CONVERSION = YES_AGGRESSIVE;
				CLANG_CXX_LANGUAGE_STANDARD = "gnu++14";
				CLANG_CXX_LIBRARY = "libc++";
				CLANG_ENABLE_MODULES = YES;
				CLANG_ENABLE_OBJC_ARC = YES;
				CLANG_ENABLE_OBJC_WEAK = YES;
				CLANG_WARN_BLOCK_CAPTURE_AUTORELEASING = YES;
				CLANG_WARN_BOOL_CONVERSION = YES;
				CLANG_WARN_COMMA = YES;
				CLANG_WARN_CONSTANT_CONVERSION = YES;
				CLANG_WARN_DEPRECATED_OBJC_IMPLEMENTATIONS = YES;
				CLANG_WARN_DIRECT_OBJC_ISA_USAGE = YES_ERROR;
				CLANG_WARN_DOCUMENTATION_COMMENTS = YES;
				CLANG_WARN_EMPTY_BODY = YES;
				CLANG_WARN_ENUM_CONVERSION = YES;
				CLANG_WARN_INFINITE_RECURSION = YES;
				CLANG_WARN_INT_CONVERSION = YES;
				CLANG_WARN_NON_LITERAL_NULL_CONVERSION = YES;
				CLANG_WARN_OBJC_IMPLICIT_RETAIN_SELF = YES;
				CLANG_WARN_OBJC_LITERAL_CONVERSION = YES;
				CLANG_WARN_OBJC_ROOT_CLASS = YES_ERROR;
				CLANG_WARN_QUOTED_INCLUDE_IN_FRAMEWORK_HEADER = YES;
				CLANG_WARN_RANGE_LOOP_ANALYSIS = YES;
				CLANG_WARN_STRICT_PROTOTYPES = YES;
				CLANG_WARN_SUSPICIOUS_MOVE = YES;
				CLANG_WARN_UNGUARDED_AVAILABILITY = YES_AGGRESSIVE;
				CLANG_WARN_UNREACHABLE_CODE = YES;
				CLANG_WARN__DUPLICATE_METHOD_MATCH = YES;
				COPY_PHASE_STRIP = NO;
				DEBUG_INFORMATION_FORMAT = "dwarf-with-dsym";
				ENABLE_NS_ASSERTIONS = NO;
				ENABLE_STRICT_OBJC_MSGSEND = YES;
				GCC_C_LANGUAGE_STANDARD = gnu11;
				GCC_NO_COMMON_BLOCKS = YES;
				GCC_WARN_64_TO_32_BIT_CONVERSION = YES;
				GCC_WARN_ABOUT_RETURN_TYPE = YES_ERROR;
				GCC_WARN_UNDECLARED_SELECTOR = YES;
				GCC_WARN_UNINITIALIZED_AUTOS = YES_AGGRESSIVE;
				GCC_WARN_UNUSED_FUNCTION = YES;
				GCC_WARN_UNUSED_VARIABLE = YES;
				IPHONEOS_DEPLOYMENT_TARGET = 14.0;
				MTL_ENABLE_DEBUG_INFO = NO;
				MTL_FAST_MATH = YES;
				SDKROOT = iphoneos;
				SWIFT_COMPILATION_MODE = wholemodule;
				SWIFT_OPTIMIZATION_LEVEL = "-O";
				VALIDATE_PRODUCT = YES;
			};
			name = Release;
		};
		3855BAAB25387421003F63FE /* Debug */ = {
			isa = XCBuildConfiguration;
			buildSettings = {
				ASSETCATALOG_COMPILER_APPICON_NAME = AppIcon;
				ASSETCATALOG_COMPILER_GLOBAL_ACCENT_COLOR_NAME = AccentColor;
				CODE_SIGN_STYLE = Automatic;
				INFOPLIST_FILE = "TableView-Basic/Info.plist";
				LD_RUNPATH_SEARCH_PATHS = (
					"$(inherited)",
					"@executable_path/Frameworks",
				);
				PRODUCT_BUNDLE_IDENTIFIER = "com.fenta.TableView-Basic";
				PRODUCT_NAME = "$(TARGET_NAME)";
				SWIFT_VERSION = 5.0;
				TARGETED_DEVICE_FAMILY = 1;
			};
			name = Debug;
		};
		3855BAAC25387421003F63FE /* Release */ = {
			isa = XCBuildConfiguration;
			buildSettings = {
				ASSETCATALOG_COMPILER_APPICON_NAME = AppIcon;
				ASSETCATALOG_COMPILER_GLOBAL_ACCENT_COLOR_NAME = AccentColor;
				CODE_SIGN_STYLE = Automatic;
				INFOPLIST_FILE = "TableView-Basic/Info.plist";
				LD_RUNPATH_SEARCH_PATHS = (
					"$(inherited)",
					"@executable_path/Frameworks",
				);
				PRODUCT_BUNDLE_IDENTIFIER = "com.fenta.TableView-Basic";
				PRODUCT_NAME = "$(TARGET_NAME)";
				SWIFT_VERSION = 5.0;
				TARGETED_DEVICE_FAMILY = 1;
			};
			name = Release;
		};
/* End XCBuildConfiguration section */

/* Begin XCConfigurationList section */
		3855BA9125387420003F63FE /* Build configuration list for PBXProject "TableView-Basic" */ = {
			isa = XCConfigurationList;
			buildConfigurations = (
				3855BAA825387421003F63FE /* Debug */,
				3855BAA925387421003F63FE /* Release */,
			);
			defaultConfigurationIsVisible = 0;
			defaultConfigurationName = Release;
		};
		3855BAAA25387421003F63FE /* Build configuration list for PBXNativeTarget "TableView-Basic" */ = {
			isa = XCConfigurationList;
			buildConfigurations = (
				3855BAAB25387421003F63FE /* Debug */,
				3855BAAC25387421003F63FE /* Release */,
			);
			defaultConfigurationIsVisible = 0;
			defaultConfigurationName = Release;
		};
/* End XCConfigurationList section */
	};
	rootObject = 3855BA8E25387420003F63FE /* Project object */;
}
