// !$*UTF8*$!
{
	archiveVersion = 1;
	classes = {
	};
	objectVersion = 50;
	objects = {

/* Begin PBXBuildFile section */
		384C58D52536D57F003B020A /* AppDelegate.swift in Sources */ = {isa = PBXBuildFile; fileRef = 384C58D42536D57F003B020A /* AppDelegate.swift */; };
		384C58D72536D57F003B020A /* SceneDelegate.swift in Sources */ = {isa = PBXBuildFile; fileRef = 384C58D62536D57F003B020A /* SceneDelegate.swift */; };
		384C58D92536D57F003B020A /* ViewController.swift in Sources */ = {isa = PBXBuildFile; fileRef = 384C58D82536D57F003B020A /* ViewController.swift */; };
		384C58DC2536D57F003B020A /* Main.storyboard in Resources */ = {isa = PBXBuildFile; fileRef = 384C58DA2536D57F003B020A /* Main.storyboard */; };
		384C58DE2536D580003B020A /* Assets.xcassets in Resources */ = {isa = PBXBuildFile; fileRef = 384C58DD2536D580003B020A /* Assets.xcassets */; };
		384C58E12536D580003B020A /* LaunchScreen.storyboard in Resources */ = {isa = PBXBuildFile; fileRef = 384C58DF2536D580003B020A /* LaunchScreen.storyboard */; };
		384C58EB2536E4FD003B020A /* ResultViewController.swift in Sources */ = {isa = PBXBuildFile; fileRef = 384C58EA2536E4FD003B020A /* ResultViewController.swift */; };
/* End PBXBuildFile section */

/* Begin PBXFileReference section */
		384C58D12536D57F003B020A /* SubmitValue-Repository.app */ = {isa = PBXFileReference; explicitFileType = wrapper.application; includeInIndex = 0; path = "SubmitValue-Repository.app"; sourceTree = BUILT_PRODUCTS_DIR; };
		384C58D42536D57F003B020A /* AppDelegate.swift */ = {isa = PBXFileReference; lastKnownFileType = sourcecode.swift; path = AppDelegate.swift; sourceTree = "<group>"; };
		384C58D62536D57F003B020A /* SceneDelegate.swift */ = {isa = PBXFileReference; lastKnownFileType = sourcecode.swift; path = SceneDelegate.swift; sourceTree = "<group>"; };
		384C58D82536D57F003B020A /* ViewController.swift */ = {isa = PBXFileReference; lastKnownFileType = sourcecode.swift; path = ViewController.swift; sourceTree = "<group>"; };
		384C58DB2536D57F003B020A /* Base */ = {isa = PBXFileReference; lastKnownFileType = file.storyboard; name = Base; path = Base.lproj/Main.storyboard; sourceTree = "<group>"; };
		384C58DD2536D580003B020A /* Assets.xcassets */ = {isa = PBXFileReference; lastKnownFileType = folder.assetcatalog; path = Assets.xcassets; sourceTree = "<group>"; };
		384C58E02536D580003B020A /* Base */ = {isa = PBXFileReference; lastKnownFileType = file.storyboard; name = Base; path = Base.lproj/LaunchScreen.storyboard; sourceTree = "<group>"; };
		384C58E22536D580003B020A /* Info.plist */ = {isa = PBXFileReference; lastKnownFileType = text.plist.xml; path = Info.plist; sourceTree = "<group>"; };
		384C58EA2536E4FD003B020A /* ResultViewController.swift */ = {isa = PBXFileReference; lastKnownFileType = sourcecode.swift; path = ResultViewController.swift; sourceTree = "<group>"; };
/* End PBXFileReference section */

/* Begin PBXFrameworksBuildPhase section */
		384C58CE2536D57F003B020A /* Frameworks */ = {
			isa = PBXFrameworksBuildPhase;
			buildActionMask = 2147483647;
			files = (
			);
			runOnlyForDeploymentPostprocessing = 0;
		};
/* End PBXFrameworksBuildPhase section */

/* Begin PBXGroup section */
		384C58C82536D57F003B020A = {
			isa = PBXGroup;
			children = (
				384C58D32536D57F003B020A /* SubmitValue-Repository */,
				384C58D22536D57F003B020A /* Products */,
			);
			sourceTree = "<group>";
		};
		384C58D22536D57F003B020A /* Products */ = {
			isa = PBXGroup;
			children = (
				384C58D12536D57F003B020A /* SubmitValue-Repository.app */,
			);
			name = Products;
			sourceTree = "<group>";
		};
		384C58D32536D57F003B020A /* SubmitValue-Repository */ = {
			isa = PBXGroup;
			children = (
				384C58D42536D57F003B020A /* AppDelegate.swift */,
				384C58D62536D57F003B020A /* SceneDelegate.swift */,
				384C58D82536D57F003B020A /* ViewController.swift */,
				384C58DA2536D57F003B020A /* Main.storyboard */,
				384C58EA2536E4FD003B020A /* ResultViewController.swift */,
				384C58DD2536D580003B020A /* Assets.xcassets */,
				384C58DF2536D580003B020A /* LaunchScreen.storyboard */,
				384C58E22536D580003B020A /* Info.plist */,
			);
			path = "SubmitValue-Repository";
			sourceTree = "<group>";
		};
/* End PBXGroup section */

/* Begin PBXNativeTarget section */
		384C58D02536D57F003B020A /* SubmitValue-Repository */ = {
			isa = PBXNativeTarget;
			buildConfigurationList = 384C58E52536D580003B020A /* Build configuration list for PBXNativeTarget "SubmitValue-Repository" */;
			buildPhases = (
				384C58CD2536D57F003B020A /* Sources */,
				384C58CE2536D57F003B020A /* Frameworks */,
				384C58CF2536D57F003B020A /* Resources */,
			);
			buildRules = (
			);
			dependencies = (
			);
			name = "SubmitValue-Repository";
			productName = "SubmitValue-Repository";
			productReference = 384C58D12536D57F003B020A /* SubmitValue-Repository.app */;
			productType = "com.apple.product-type.application";
		};
/* End PBXNativeTarget section */

/* Begin PBXProject section */
		384C58C92536D57F003B020A /* Project object */ = {
			isa = PBXProject;
			attributes = {
				LastSwiftUpdateCheck = 1200;
				LastUpgradeCheck = 1200;
				TargetAttributes = {
					384C58D02536D57F003B020A = {
						CreatedOnToolsVersion = 12.0.1;
					};
				};
			};
			buildConfigurationList = 384C58CC2536D57F003B020A /* Build configuration list for PBXProject "SubmitValue-Repository" */;
			compatibilityVersion = "Xcode 9.3";
			developmentRegion = en;
			hasScannedForEncodings = 0;
			knownRegions = (
				en,
				Base,
			);
			mainGroup = 384C58C82536D57F003B020A;
			productRefGroup = 384C58D22536D57F003B020A /* Products */;
			projectDirPath = "";
			projectRoot = "";
			targets = (
				384C58D02536D57F003B020A /* SubmitValue-Repository */,
			);
		};
/* End PBXProject section */

/* Begin PBXResourcesBuildPhase section */
		384C58CF2536D57F003B020A /* Resources */ = {
			isa = PBXResourcesBuildPhase;
			buildActionMask = 2147483647;
			files = (
				384C58E12536D580003B020A /* LaunchScreen.storyboard in Resources */,
				384C58DE2536D580003B020A /* Assets.xcassets in Resources */,
				384C58DC2536D57F003B020A /* Main.storyboard in Resources */,
			);
			runOnlyForDeploymentPostprocessing = 0;
		};
/* End PBXResourcesBuildPhase section */

/* Begin PBXSourcesBuildPhase section */
		384C58CD2536D57F003B020A /* Sources */ = {
			isa = PBXSourcesBuildPhase;
			buildActionMask = 2147483647;
			files = (
				384C58D92536D57F003B020A /* ViewController.swift in Sources */,
				384C58D52536D57F003B020A /* AppDelegate.swift in Sources */,
				384C58D72536D57F003B020A /* SceneDelegate.swift in Sources */,
				384C58EB2536E4FD003B020A /* ResultViewController.swift in Sources */,
			);
			runOnlyForDeploymentPostprocessing = 0;
		};
/* End PBXSourcesBuildPhase section */

/* Begin PBXVariantGroup section */
		384C58DA2536D57F003B020A /* Main.storyboard */ = {
			isa = PBXVariantGroup;
			children = (
				384C58DB2536D57F003B020A /* Base */,
			);
			name = Main.storyboard;
			sourceTree = "<group>";
		};
		384C58DF2536D580003B020A /* LaunchScreen.storyboard */ = {
			isa = PBXVariantGroup;
			children = (
				384C58E02536D580003B020A /* Base */,
			);
			name = LaunchScreen.storyboard;
			sourceTree = "<group>";
		};
/* End PBXVariantGroup section */

/* Begin XCBuildConfiguration section */
		384C58E32536D580003B020A /* Debug */ = {
			isa = XCBuildConfiguration;
			buildSettings = {
				ALWAYS_SEARCH_USER_PATHS = NO;
				CLANG_ANALYZER_NONNULL = YES;
				CLANG_ANALYZER_NUMBER_OBJECT_CONVERSION = YES_AGGRESSIVE;
				CLANG_CXX_LANGUAGE_STANDARD = "gnu++14";
				CLANG_CXX_LIBRARY = "libc++";
				CLANG_ENABLE_MODULES = YES;
				CLANG_ENABLE_OBJC_ARC = YES;
				CLANG_ENABLE_OBJC_WEAK = YES;
				CLANG_WARN_BLOCK_CAPTURE_AUTORELEASING = YES;
				CLANG_WARN_BOOL_CONVERSION = YES;
				CLANG_WARN_COMMA = YES;
				CLANG_WARN_CONSTANT_CONVERSION = YES;
				CLANG_WARN_DEPRECATED_OBJC_IMPLEMENTATIONS = YES;
				CLANG_WARN_DIRECT_OBJC_ISA_USAGE = YES_ERROR;
				CLANG_WARN_DOCUMENTATION_COMMENTS = YES;
				CLANG_WARN_EMPTY_BODY = YES;
				CLANG_WARN_ENUM_CONVERSION = YES;
				CLANG_WARN_INFINITE_RECURSION = YES;
				CLANG_WARN_INT_CONVERSION = YES;
				CLANG_WARN_NON_LITERAL_NULL_CONVERSION = YES;
				CLANG_WARN_OBJC_IMPLICIT_RETAIN_SELF = YES;
				CLANG_WARN_OBJC_LITERAL_CONVERSION = YES;
				CLANG_WARN_OBJC_ROOT_CLASS = YES_ERROR;
				CLANG_WARN_QUOTED_INCLUDE_IN_FRAMEWORK_HEADER = YES;
				CLANG_WARN_RANGE_LOOP_ANALYSIS = YES;
				CLANG_WARN_STRICT_PROTOTYPES = YES;
				CLANG_WARN_SUSPICIOUS_MOVE = YES;
				CLANG_WARN_UNGUARDED_AVAILABILITY = YES_AGGRESSIVE;
				CLANG_WARN_UNREACHABLE_CODE = YES;
				CLANG_WARN__DUPLICATE_METHOD_MATCH = YES;
				COPY_PHASE_STRIP = NO;
				DEBUG_INFORMATION_FORMAT = dwarf;
				ENABLE_STRICT_OBJC_MSGSEND = YES;
				ENABLE_TESTABILITY = YES;
				GCC_C_LANGUAGE_STANDARD = gnu11;
				GCC_DYNAMIC_NO_PIC = NO;
				GCC_NO_COMMON_BLOCKS = YES;
				GCC_OPTIMIZATION_LEVEL = 0;
				GCC_PREPROCESSOR_DEFINITIONS = (
					"DEBUG=1",
					"$(inherited)",
				);
				GCC_WARN_64_TO_32_BIT_CONVERSION = YES;
				GCC_WARN_ABOUT_RETURN_TYPE = YES_ERROR;
				GCC_WARN_UNDECLARED_SELECTOR = YES;
				GCC_WARN_UNINITIALIZED_AUTOS = YES_AGGRESSIVE;
				GCC_WARN_UNUSED_FUNCTION = YES;
				GCC_WARN_UNUSED_VARIABLE = YES;
				IPHONEOS_DEPLOYMENT_TARGET = 14.0;
				MTL_ENABLE_DEBUG_INFO = INCLUDE_SOURCE;
				MTL_FAST_MATH = YES;
				ONLY_ACTIVE_ARCH = YES;
				SDKROOT = iphoneos;
				SWIFT_ACTIVE_COMPILATION_CONDITIONS = DEBUG;
				SWIFT_OPTIMIZATION_LEVEL = "-Onone";
			};
			name = Debug;
		};
		384C58E42536D580003B020A /* Release */ = {
			isa = XCBuildConfiguration;
			buildSettings = {
				ALWAYS_SEARCH_USER_PATHS = NO;
				CLANG_ANALYZER_NONNULL = YES;
				CLANG_ANALYZER_NUMBER_OBJECT_CONVERSION = YES_AGGRESSIVE;
				CLANG_CXX_LANGUAGE_STANDARD = "gnu++14";
				CLANG_CXX_LIBRARY = "libc++";
				CLANG_ENABLE_MODULES = YES;
				CLANG_ENABLE_OBJC_ARC = YES;
				CLANG_ENABLE_OBJC_WEAK = YES;
				CLANG_WARN_BLOCK_CAPTURE_AUTORELEASING = YES;
				CLANG_WARN_BOOL_CONVERSION = YES;
				CLANG_WARN_COMMA = YES;
				CLANG_WARN_CONSTANT_CONVERSION = YES;
				CLANG_WARN_DEPRECATED_OBJC_IMPLEMENTATIONS = YES;
				CLANG_WARN_DIRECT_OBJC_ISA_USAGE = YES_ERROR;
				CLANG_WARN_DOCUMENTATION_COMMENTS = YES;
				CLANG_WARN_EMPTY_BODY = YES;
				CLANG_WARN_ENUM_CONVERSION = YES;
				CLANG_WARN_INFINITE_RECURSION = YES;
				CLANG_WARN_INT_CONVERSION = YES;
				CLANG_WARN_NON_LITERAL_NULL_CONVERSION = YES;
				CLANG_WARN_OBJC_IMPLICIT_RETAIN_SELF = YES;
				CLANG_WARN_OBJC_LITERAL_CONVERSION = YES;
				CLANG_WARN_OBJC_ROOT_CLASS = YES_ERROR;
				CLANG_WARN_QUOTED_INCLUDE_IN_FRAMEWORK_HEADER = YES;
				CLANG_WARN_RANGE_LOOP_ANALYSIS = YES;
				CLANG_WARN_STRICT_PROTOTYPES = YES;
				CLANG_WARN_SUSPICIOUS_MOVE = YES;
				CLANG_WARN_UNGUARDED_AVAILABILITY = YES_AGGRESSIVE;
				CLANG_WARN_UNREACHABLE_CODE = YES;
				CLANG_WARN__DUPLICATE_METHOD_MATCH = YES;
				COPY_PHASE_STRIP = NO;
				DEBUG_INFORMATION_FORMAT = "dwarf-with-dsym";
				ENABLE_NS_ASSERTIONS = NO;
				ENABLE_STRICT_OBJC_MSGSEND = YES;
				GCC_C_LANGUAGE_STANDARD = gnu11;
				GCC_NO_COMMON_BLOCKS = YES;
				GCC_WARN_64_TO_32_BIT_CONVERSION = YES;
				GCC_WARN_ABOUT_RETURN_TYPE = YES_ERROR;
				GCC_WARN_UNDECLARED_SELECTOR = YES;
				GCC_WARN_UNINITIALIZED_AUTOS = YES_AGGRESSIVE;
				GCC_WARN_UNUSED_FUNCTION = YES;
				GCC_WARN_UNUSED_VARIABLE = YES;
				IPHONEOS_DEPLOYMENT_TARGET = 14.0;
				MTL_ENABLE_DEBUG_INFO = NO;
				MTL_FAST_MATH = YES;
				SDKROOT = iphoneos;
				SWIFT_COMPILATION_MODE = wholemodule;
				SWIFT_OPTIMIZATION_LEVEL = "-O";
				VALIDATE_PRODUCT = YES;
			};
			name = Release;
		};
		384C58E62536D580003B020A /* Debug */ = {
			isa = XCBuildConfiguration;
			buildSettings = {
				ASSETCATALOG_COMPILER_APPICON_NAME = AppIcon;
				ASSETCATALOG_COMPILER_GLOBAL_ACCENT_COLOR_NAME = AccentColor;
				CODE_SIGN_STYLE = Automatic;
				INFOPLIST_FILE = "SubmitValue-Repository/Info.plist";
				LD_RUNPATH_SEARCH_PATHS = (
					"$(inherited)",
					"@executable_path/Frameworks",
				);
				PRODUCT_BUNDLE_IDENTIFIER = "com.fenta.SubmitValue-Repository";
				PRODUCT_NAME = "$(TARGET_NAME)";
				SWIFT_VERSION = 5.0;
				TARGETED_DEVICE_FAMILY = 1;
			};
			name = Debug;
		};
		384C58E72536D580003B020A /* Release */ = {
			isa = XCBuildConfiguration;
			buildSettings = {
				ASSETCATALOG_COMPILER_APPICON_NAME = AppIcon;
				ASSETCATALOG_COMPILER_GLOBAL_ACCENT_COLOR_NAME = AccentColor;
				CODE_SIGN_STYLE = Automatic;
				INFOPLIST_FILE = "SubmitValue-Repository/Info.plist";
				LD_RUNPATH_SEARCH_PATHS = (
					"$(inherited)",
					"@executable_path/Frameworks",
				);
				PRODUCT_BUNDLE_IDENTIFIER = "com.fenta.SubmitValue-Repository";
				PRODUCT_NAME = "$(TARGET_NAME)";
				SWIFT_VERSION = 5.0;
				TARGETED_DEVICE_FAMILY = 1;
			};
			name = Release;
		};
/* End XCBuildConfiguration section */

/* Begin XCConfigurationList section */
		384C58CC2536D57F003B020A /* Build configuration list for PBXProject "SubmitValue-Repository" */ = {
			isa = XCConfigurationList;
			buildConfigurations = (
				384C58E32536D580003B020A /* Debug */,
				384C58E42536D580003B020A /* Release */,
			);
			defaultConfigurationIsVisible = 0;
			defaultConfigurationName = Release;
		};
		384C58E52536D580003B020A /* Build configuration list for PBXNativeTarget "SubmitValue-Repository" */ = {
			isa = XCConfigurationList;
			buildConfigurations = (
				384C58E62536D580003B020A /* Debug */,
				384C58E72536D580003B020A /* Release */,
			);
			defaultConfigurationIsVisible = 0;
			defaultConfigurationName = Release;
		};
/* End XCConfigurationList section */
	};
	rootObject = 384C58C92536D57F003B020A /* Project object */;
}
